
Microsoft Visual Studio Solution File, Format Version 12.00
# Visual Studio 15
VisualStudioVersion = 15.0.28307.489
MinimumVisualStudioVersion = 10.0.40219.1
Project("{FAE04EC0-301F-11D3-BF4B-00C04F79EFBC}") = "SpotlightBackground", "SpotlightBackground\SpotlightBackground.csproj", "{422781E3-E19F-4149-BB91-9089BA53C962}"
EndProject
Global
	GlobalSection(SolutionConfigurationPlatforms) = preSolution
		Debug|Any CPU = Debug|Any CPU
		Release|Any CPU = Release|Any CPU
	EndGlobalSection
	GlobalSection(ProjectConfigurationPlatforms) = postSolution
		{422781E3-E19F-4149-BB91-9089BA53C962}.Debug|Any CPU.ActiveCfg = Debug|Any CPU
		{422781E3-E19F-4149-BB91-9089BA53C962}.Debug|Any CPU.Build.0 = Debug|Any CPU
		{422781E3-E19F-4149-BB91-9089BA53C962}.Release|Any CPU.ActiveCfg = Release|Any CPU
		{422781E3-E19F-4149-BB91-9089BA53C962}.Release|Any CPU.Build.0 = Release|Any CPU
	EndGlobalSection
	GlobalSection(SolutionProperties) = preSolution
		HideSolutionNode = FALSE
	EndGlobalSection
	GlobalSection(ExtensibilityGlobals) = postSolution
		SolutionGuid = {E4F9CFD6-2770-4511-BFC3-D9335DAEF513}
	EndGlobalSection
EndGlobal
